// !$*UTF8*$!
{
	archiveVersion = 1;
	classes = {
	};
	objectVersion = 77;
	objects = {

/* Begin PBXBuildFile section */
		01B20D78A6832D2DE5301BAD /* LogViewModel.swift in Sources */ = {isa = PBXBuildFile; fileRef = 62A88700AA0D0FD700EF199F /* LogViewModel.swift */; };
		0277FE338DF55883992428F5 /* FriendRequestsView.swift in Sources */ = {isa = PBXBuildFile; fileRef = A9B60FF81D2DC826DE66A125 /* FriendRequestsView.swift */; };
		05CC6AEBFD7BF822803F46FD /* StatsView.swift in Sources */ = {isa = PBXBuildFile; fileRef = 0ED58B7E30BB84AE9A98C885 /* StatsView.swift */; };
		077A12A6D80055A6EAC3D126 /* QuestsViewModel.swift in Sources */ = {isa = PBXBuildFile; fileRef = 4128710ABFA3560ADAB30574 /* QuestsViewModel.swift */; };
		128C3BEF27F1FADEE9533255 /* Workout.swift in Sources */ = {isa = PBXBuildFile; fileRef = 30B6448810F2D9AE2EB9E6E7 /* Workout.swift */; };
		19BEF26C39177C374BE4D396 /* HomeViewModel.swift in Sources */ = {isa = PBXBuildFile; fileRef = 08CCA5CC781543F5685156FC /* HomeViewModel.swift */; };
		1F532B40ED407972379FEE02 /* DungeonSpawnOverlay.swift in Sources */ = {isa = PBXBuildFile; fileRef = C39F3A4A40C528C138FC2D0A /* DungeonSpawnOverlay.swift */; };
		2943518C9A7FAF40CC41308F /* JetBrainsMono-Medium.ttf in Resources */ = {isa = PBXBuildFile; fileRef = D56976681220CBFB0C3BCDA6 /* JetBrainsMono-Medium.ttf */; };
		2CB4AD01F621551C9C16B843 /* VoidBackground.swift in Sources */ = {isa = PBXBuildFile; fileRef = EED34A2D176E81C9F5DFCEED /* VoidBackground.swift */; };
		2D5485AA0052928F9070FCF0 /* Exercise.swift in Sources */ = {isa = PBXBuildFile; fileRef = 6D0BA5EF12A720AECF7A1CF6 /* Exercise.swift */; };
		2DC77293AFBCC85EAC069B7B /* AuthManager.swift in Sources */ = {isa = PBXBuildFile; fileRef = 2C8BACBC256288400263DD74 /* AuthManager.swift */; };
		3304D607C43F982D311C87C8 /* Fonts.swift in Sources */ = {isa = PBXBuildFile; fileRef = 383EA1AD7F433E7FB9232B6C /* Fonts.swift */; };
		34E3C5D5D33B3AEAE8192225 /* APITypes.swift in Sources */ = {isa = PBXBuildFile; fileRef = 73EABAB81740F48B4949E1E4 /* APITypes.swift */; };
		35B56EBCA29E2E4DE83A63A8 /* SwipeBackGesture.swift in Sources */ = {isa = PBXBuildFile; fileRef = EB776AC6E5732ADD25171C9B /* SwipeBackGesture.swift */; };
		37C277D7FC126549A9FDDCE5 /* HomeView.swift in Sources */ = {isa = PBXBuildFile; fileRef = 2CD71D3A5B474EA3E0269665 /* HomeView.swift */; };
		37D65595AB26EE23DF8E59C3 /* ForgotPasswordView.swift in Sources */ = {isa = PBXBuildFile; fileRef = 47495C43CDDFAF66EC1C0D89 /* ForgotPasswordView.swift */; };
		3A555F185433DA7D15E50DAD /* Orbitron-Variable.ttf in Resources */ = {isa = PBXBuildFile; fileRef = 0FCA59D77C62E3D316AC25A2 /* Orbitron-Variable.ttf */; };
		3AC048A5649880119E187296 /* FriendsView.swift in Sources */ = {isa = PBXBuildFile; fileRef = C29BFFA99C53012296D98020 /* FriendsView.swift */; };
		4243BB754ED9750C15429B09 /* AchievementDetailSheet.swift in Sources */ = {isa = PBXBuildFile; fileRef = 3D60C9B9D1A9A908C95E6852 /* AchievementDetailSheet.swift */; };
		459EBB59AA5F9BFD35819BA5 /* DungeonRewardSheet.swift in Sources */ = {isa = PBXBuildFile; fileRef = 7EA22B0F491CFB938C0E3E9F /* DungeonRewardSheet.swift */; };
		48113D49713CF47249D00B90 /* JetBrainsMono-Bold.ttf in Resources */ = {isa = PBXBuildFile; fileRef = 7E490406F225338152AB77DD /* JetBrainsMono-Bold.ttf */; };
		4DE2F4CEF8CDDCED4C17A591 /* ScreenshotPreviewView.swift in Sources */ = {isa = PBXBuildFile; fileRef = FDB048EAA3D732A16D8F1C87 /* ScreenshotPreviewView.swift */; };
		4EF008506C359122170F5270 /* XPRewardView.swift in Sources */ = {isa = PBXBuildFile; fileRef = F4C96A0FDFB19923AC061970 /* XPRewardView.swift */; };
		51B44446B1720DFD9BF1EEAE /* MissionCard.swift in Sources */ = {isa = PBXBuildFile; fileRef = ACE54964002442E7C8D25D14 /* MissionCard.swift */; };
		5476D15C26CCBE18B07448AA /* QuestDetailSheet.swift in Sources */ = {isa = PBXBuildFile; fileRef = 89C549636A7046A5CC140B85 /* QuestDetailSheet.swift */; };
		5676B5494CB708F2A9CFA399 /* FriendRowCard.swift in Sources */ = {isa = PBXBuildFile; fileRef = CC8A2F491AC9087E07B63540 /* FriendRowCard.swift */; };
		6383F52D2B2EDDB00366CDEC /* ContentView.swift in Sources */ = {isa = PBXBuildFile; fileRef = BD1168F90C7EA3B9F66ADC03 /* ContentView.swift */; };
		6CD1E6CE02F492B300256D51 /* ProfileView.swift in Sources */ = {isa = PBXBuildFile; fileRef = 2B00CB613804C42690DBF6B0 /* ProfileView.swift */; };
		6ECD7139978CC19F87F2A213 /* JetBrainsMono-SemiBold.ttf in Resources */ = {isa = PBXBuildFile; fileRef = 235A7ACBA7F3D11FE067068C /* JetBrainsMono-SemiBold.ttf */; };
		6FAE6B891124D5E183037AB0 /* User.swift in Sources */ = {isa = PBXBuildFile; fileRef = 07FD53171492644B246B925C /* User.swift */; };
		707E7061D2A90519FF68FDAC /* FriendRequestCard.swift in Sources */ = {isa = PBXBuildFile; fileRef = 3B12B72D900466D47835C287 /* FriendRequestCard.swift */; };
		76FE00186583DC113F0998FE /* FitnessAppTests.swift in Sources */ = {isa = PBXBuildFile; fileRef = F0A0F9BC78395829B3FD6E72 /* FitnessAppTests.swift */; };
		7F6C3F85FD8A35AE44727A0C /* PersonalRecord.swift in Sources */ = {isa = PBXBuildFile; fileRef = F8802BF7E793DDEE5AF204F7 /* PersonalRecord.swift */; };
		817CD282F29492D7E8F4AC84 /* FriendsListView.swift in Sources */ = {isa = PBXBuildFile; fileRef = 2CD275D550CB307D3BB55451 /* FriendsListView.swift */; };
		82A75718FCA9F00ED57AB446 /* RankBadgeView.swift in Sources */ = {isa = PBXBuildFile; fileRef = C9F64535FBE31A54DBE47FFF /* RankBadgeView.swift */; };
		82DFE04B35A85EE155692D70 /* UsernameSetupSheet.swift in Sources */ = {isa = PBXBuildFile; fileRef = BFE7F6DB954159E6CB657F56 /* UsernameSetupSheet.swift */; };
		84A70DCA96C94345EF14E741 /* BodyweightEntry.swift in Sources */ = {isa = PBXBuildFile; fileRef = 4782AB3331CF5A6119847AF2 /* BodyweightEntry.swift */; };
		85E55E53839823091153F327 /* Colors.swift in Sources */ = {isa = PBXBuildFile; fileRef = 9F3A7D81E4F7B61A487F21DB /* Colors.swift */; };
		86C2E56AAEEC1FA2BDF123F4 /* MissionDetailView.swift in Sources */ = {isa = PBXBuildFile; fileRef = CE623E85DBB322B59010A443 /* MissionDetailView.swift */; };
		8714FA87386C4B44FEF75DF2 /* ProfileViewModel.swift in Sources */ = {isa = PBXBuildFile; fileRef = BF4984BB26D18D05ABEFA7B5 /* ProfileViewModel.swift */; };
		88973C4E3134376147898266 /* DungeonsView.swift in Sources */ = {isa = PBXBuildFile; fileRef = 9E30061C59B3212F1422340B /* DungeonsView.swift */; };
		88DD32D0DFEE883EBE5AB099 /* DungeonsViewModel.swift in Sources */ = {isa = PBXBuildFile; fileRef = 38F5B7659899A4C8EB3D443E /* DungeonsViewModel.swift */; };
		89134716A036BC7417B1CCD3 /* Extensions.swift in Sources */ = {isa = PBXBuildFile; fileRef = 30AB8A1A5C01773A5442AA89 /* Extensions.swift */; };
		8C36406D3B4272678C3FAE7E /* ProgressViewModel.swift in Sources */ = {isa = PBXBuildFile; fileRef = B9622F7E459A288822E8C353 /* ProgressViewModel.swift */; };
		8CFFE6C90310AADAA44449D5 /* QuestsView.swift in Sources */ = {isa = PBXBuildFile; fileRef = 51AAF9C49F54E5A0DDD7F095 /* QuestsView.swift */; };
		931B3F4D629AFEE4345D7E5B /* DailyQuestsCard.swift in Sources */ = {isa = PBXBuildFile; fileRef = A971480DB0D51347A4285BDF /* DailyQuestsCard.swift */; };
		9395F9F7ED69CF87325B9E27 /* Rajdhani-SemiBold.ttf in Resources */ = {isa = PBXBuildFile; fileRef = B52347D7796B45246CD491A4 /* Rajdhani-SemiBold.ttf */; };
		9A0951CB5C36BA31CB4D2084 /* HistoryView.swift in Sources */ = {isa = PBXBuildFile; fileRef = A9FBB50D8EDC8445125B9270 /* HistoryView.swift */; };
		9C607E3BE0A2C455F49E9E0D /* FriendsViewModel.swift in Sources */ = {isa = PBXBuildFile; fileRef = 07EB6749EA7B0814EC2A2E6A /* FriendsViewModel.swift */; };
		A2BF1E8C9BF3406C16312BAF /* DungeonDetailSheet.swift in Sources */ = {isa = PBXBuildFile; fileRef = E88205E68737513004C712AE /* DungeonDetailSheet.swift */; };
		A51CF032536CBB2495847C34 /* ImagePicker.swift in Sources */ = {isa = PBXBuildFile; fileRef = C7126810EA67EBBBD241CA71 /* ImagePicker.swift */; };
		A5B39FB45B262E2854E6A080 /* Rajdhani-Regular.ttf in Resources */ = {isa = PBXBuildFile; fileRef = 93180FC8B345CB004A5D390D /* Rajdhani-Regular.ttf */; };
		A7424AA87C880CB28E7A0CB9 /* RecoveryDetailSheet.swift in Sources */ = {isa = PBXBuildFile; fileRef = CE2A62A1E050193695378BF7 /* RecoveryDetailSheet.swift */; };
		A7D9F4EC79B40D9543A37396 /* DungeonCardView.swift in Sources */ = {isa = PBXBuildFile; fileRef = EEC744D52A256B0D73D5FF14 /* DungeonCardView.swift */; };
		A841D39093B698697BE9DE32 /* Rajdhani-Medium.ttf in Resources */ = {isa = PBXBuildFile; fileRef = 8256903DF70674E4B428B2AF /* Rajdhani-Medium.ttf */; };
		A873FF2CA0203D03443195AC /* AddFriendSheet.swift in Sources */ = {isa = PBXBuildFile; fileRef = 385C8910AF9C3E93350FA72B /* AddFriendSheet.swift */; };
		AA1968CFD12652D717FF76B6 /* ScreenshotProcessingViewModel.swift in Sources */ = {isa = PBXBuildFile; fileRef = A5883E1AC5182638DE97A19F /* ScreenshotProcessingViewModel.swift */; };
		B0752A9EA3FE7F975305D208 /* PRCelebrationView.swift in Sources */ = {isa = PBXBuildFile; fileRef = 2A29BC50370EA3B75A5F1968 /* PRCelebrationView.swift */; };
		B26810B18ABFA530CF1FA835 /* HealthKitManager.swift in Sources */ = {isa = PBXBuildFile; fileRef = 9EF4A80D3AD89CA1BC4434F2 /* HealthKitManager.swift */; };
		B5E2629AEE3CA34101DB3E84 /* AchievementsListView.swift in Sources */ = {isa = PBXBuildFile; fileRef = 05F458060FE9123EB707196B /* AchievementsListView.swift */; };
		B809C23FE60B170A45283EC6 /* GoalSetupView.swift in Sources */ = {isa = PBXBuildFile; fileRef = 4AF2D9A5212F46C78603591D /* GoalSetupView.swift */; };
		B9AFAA1D369343F733813253 /* RecoveryStatusSection.swift in Sources */ = {isa = PBXBuildFile; fileRef = 386B58A648DA7731B4C2FA83 /* RecoveryStatusSection.swift */; };
		BBC0E7DB598EB22BA3C58C40 /* RankUpCelebrationView.swift in Sources */ = {isa = PBXBuildFile; fileRef = 0EE3DE6119CAF129687F65FF /* RankUpCelebrationView.swift */; };
		C74790B0B116896A339C6481 /* FitnessApp.swift in Sources */ = {isa = PBXBuildFile; fileRef = A7192790992313FDD5201B37 /* FitnessApp.swift */; };
		C7DEB4654551E73010919AF3 /* SupersetCard.swift in Sources */ = {isa = PBXBuildFile; fileRef = BEC002A279F1E0A4CFFB244A /* SupersetCard.swift */; };
		CD752F70C89E9DE3FBC74FC4 /* LogView.swift in Sources */ = {isa = PBXBuildFile; fileRef = 68373213BB5CB33B69A8F37E /* LogView.swift */; };
		D25039AC80123A252F608D2D /* Inter-Variable.ttf in Resources */ = {isa = PBXBuildFile; fileRef = C5A97BBD2F0FF0461CBD9001 /* Inter-Variable.ttf */; };
		D505BF0C1E363D977EF5801A /* APIClient.swift in Sources */ = {isa = PBXBuildFile; fileRef = 1E86F962F47309074191381A /* APIClient.swift */; };
		D68FCD8F3B6A23E4F509613A /* Assets.xcassets in Resources */ = {isa = PBXBuildFile; fileRef = DB83BF408BFC9A75EE16A3DD /* Assets.xcassets */; };
		D88FB846E88AE9441286F854 /* SupersetPickerView.swift in Sources */ = {isa = PBXBuildFile; fileRef = 0C547F0EDFB1DA616CA28A09 /* SupersetPickerView.swift */; };
		DCB303E3963C669D78283DF2 /* Rajdhani-Bold.ttf in Resources */ = {isa = PBXBuildFile; fileRef = 635C543AEB3AA9B0229DE584 /* Rajdhani-Bold.ttf */; };
		DCC041843FFDACBD6ACCE722 /* EdgeFlowStyles.swift in Sources */ = {isa = PBXBuildFile; fileRef = DB0EDBCC1A132F7B5B8386E7 /* EdgeFlowStyles.swift */; };
		DDB186D30D008EBB548C39BB /* XPCalculator.swift in Sources */ = {isa = PBXBuildFile; fileRef = 4405B03A566EC3D65DA19B00 /* XPCalculator.swift */; };
		E5F8C1E4DE3FEAD7EE283672 /* XPBarView.swift in Sources */ = {isa = PBXBuildFile; fileRef = 21C560832A36E3F4D5FF5735 /* XPBarView.swift */; };
		E78B5ED400336A0597014E6D /* CooldownCard.swift in Sources */ = {isa = PBXBuildFile; fileRef = 9A947B12F7FAFC3687A4ED86 /* CooldownCard.swift */; };
		F18DBC98943A7BAF48CA853E /* JetBrainsMono-Regular.ttf in Resources */ = {isa = PBXBuildFile; fileRef = 450195A9814F8AAE5DFCB41F /* JetBrainsMono-Regular.ttf */; };
		F286067EDCBE1B25D7055849 /* ScreenshotPickerView.swift in Sources */ = {isa = PBXBuildFile; fileRef = BED1304102384B66EBFC6063 /* ScreenshotPickerView.swift */; };
		F3928D582CFFD13A67454E60 /* StatCard.swift in Sources */ = {isa = PBXBuildFile; fileRef = C68D331EA8FE8B1C6A105FE9 /* StatCard.swift */; };
		F5CDC904F67051AC1B681858 /* HistoryViewModel.swift in Sources */ = {isa = PBXBuildFile; fileRef = 2080B524FEF4485D9F132C30 /* HistoryViewModel.swift */; };
		F767BBE7967D6014248BBFDE /* FriendProfileView.swift in Sources */ = {isa = PBXBuildFile; fileRef = A312DCBAA53FBBCFF8727252 /* FriendProfileView.swift */; };
		FA35DDC733A09F2896DE3024 /* Rajdhani-Light.ttf in Resources */ = {isa = PBXBuildFile; fileRef = 53655A6FCF7E8651BC8F9F23 /* Rajdhani-Light.ttf */; };
/* End PBXBuildFile section */

/* Begin PBXContainerItemProxy section */
		AF1CBD93E5819C67CF0F63B7 /* PBXContainerItemProxy */ = {
			isa = PBXContainerItemProxy;
			containerPortal = D68BB5C60B9AF34F69B4BC6E /* Project object */;
			proxyType = 1;
			remoteGlobalIDString = FE69BCF7CC847DB50ABAF203;
			remoteInfo = FitnessApp;
		};
/* End PBXContainerItemProxy section */

/* Begin PBXFileReference section */
		0114621C271DB4344EA5C9D7 /* FitnessApp.entitlements */ = {isa = PBXFileReference; lastKnownFileType = text.plist.entitlements; path = FitnessApp.entitlements; sourceTree = "<group>"; };
		05F458060FE9123EB707196B /* AchievementsListView.swift */ = {isa = PBXFileReference; lastKnownFileType = sourcecode.swift; path = AchievementsListView.swift; sourceTree = "<group>"; };
		07EB6749EA7B0814EC2A2E6A /* FriendsViewModel.swift */ = {isa = PBXFileReference; lastKnownFileType = sourcecode.swift; path = FriendsViewModel.swift; sourceTree = "<group>"; };
		07FD53171492644B246B925C /* User.swift */ = {isa = PBXFileReference; lastKnownFileType = sourcecode.swift; path = User.swift; sourceTree = "<group>"; };
		08CCA5CC781543F5685156FC /* HomeViewModel.swift */ = {isa = PBXFileReference; lastKnownFileType = sourcecode.swift; path = HomeViewModel.swift; sourceTree = "<group>"; };
		0C547F0EDFB1DA616CA28A09 /* SupersetPickerView.swift */ = {isa = PBXFileReference; lastKnownFileType = sourcecode.swift; path = SupersetPickerView.swift; sourceTree = "<group>"; };
		0ED58B7E30BB84AE9A98C885 /* StatsView.swift */ = {isa = PBXFileReference; lastKnownFileType = sourcecode.swift; path = StatsView.swift; sourceTree = "<group>"; };
		0EE3DE6119CAF129687F65FF /* RankUpCelebrationView.swift */ = {isa = PBXFileReference; lastKnownFileType = sourcecode.swift; path = RankUpCelebrationView.swift; sourceTree = "<group>"; };
		0FCA59D77C62E3D316AC25A2 /* Orbitron-Variable.ttf */ = {isa = PBXFileReference; lastKnownFileType = file; path = "Orbitron-Variable.ttf"; sourceTree = "<group>"; };
		17E1E2C6490F31EE347BF51F /* FitnessApp.app */ = {isa = PBXFileReference; includeInIndex = 0; lastKnownFileType = wrapper.application; path = FitnessApp.app; sourceTree = BUILT_PRODUCTS_DIR; };
		1E86F962F47309074191381A /* APIClient.swift */ = {isa = PBXFileReference; lastKnownFileType = sourcecode.swift; path = APIClient.swift; sourceTree = "<group>"; };
		2080B524FEF4485D9F132C30 /* HistoryViewModel.swift */ = {isa = PBXFileReference; lastKnownFileType = sourcecode.swift; path = HistoryViewModel.swift; sourceTree = "<group>"; };
		21C560832A36E3F4D5FF5735 /* XPBarView.swift */ = {isa = PBXFileReference; lastKnownFileType = sourcecode.swift; path = XPBarView.swift; sourceTree = "<group>"; };
		235A7ACBA7F3D11FE067068C /* JetBrainsMono-SemiBold.ttf */ = {isa = PBXFileReference; lastKnownFileType = file; path = "JetBrainsMono-SemiBold.ttf"; sourceTree = "<group>"; };
		2A29BC50370EA3B75A5F1968 /* PRCelebrationView.swift */ = {isa = PBXFileReference; lastKnownFileType = sourcecode.swift; path = PRCelebrationView.swift; sourceTree = "<group>"; };
		2B00CB613804C42690DBF6B0 /* ProfileView.swift */ = {isa = PBXFileReference; lastKnownFileType = sourcecode.swift; path = ProfileView.swift; sourceTree = "<group>"; };
		2C8BACBC256288400263DD74 /* AuthManager.swift */ = {isa = PBXFileReference; lastKnownFileType = sourcecode.swift; path = AuthManager.swift; sourceTree = "<group>"; };
		2CD275D550CB307D3BB55451 /* FriendsListView.swift */ = {isa = PBXFileReference; lastKnownFileType = sourcecode.swift; path = FriendsListView.swift; sourceTree = "<group>"; };
		2CD71D3A5B474EA3E0269665 /* HomeView.swift */ = {isa = PBXFileReference; lastKnownFileType = sourcecode.swift; path = HomeView.swift; sourceTree = "<group>"; };
		30AB8A1A5C01773A5442AA89 /* Extensions.swift */ = {isa = PBXFileReference; lastKnownFileType = sourcecode.swift; path = Extensions.swift; sourceTree = "<group>"; };
		30B6448810F2D9AE2EB9E6E7 /* Workout.swift */ = {isa = PBXFileReference; lastKnownFileType = sourcecode.swift; path = Workout.swift; sourceTree = "<group>"; };
		383EA1AD7F433E7FB9232B6C /* Fonts.swift */ = {isa = PBXFileReference; lastKnownFileType = sourcecode.swift; path = Fonts.swift; sourceTree = "<group>"; };
		385C8910AF9C3E93350FA72B /* AddFriendSheet.swift */ = {isa = PBXFileReference; lastKnownFileType = sourcecode.swift; path = AddFriendSheet.swift; sourceTree = "<group>"; };
		386B58A648DA7731B4C2FA83 /* RecoveryStatusSection.swift */ = {isa = PBXFileReference; lastKnownFileType = sourcecode.swift; path = RecoveryStatusSection.swift; sourceTree = "<group>"; };
		38F5B7659899A4C8EB3D443E /* DungeonsViewModel.swift */ = {isa = PBXFileReference; lastKnownFileType = sourcecode.swift; path = DungeonsViewModel.swift; sourceTree = "<group>"; };
		3B12B72D900466D47835C287 /* FriendRequestCard.swift */ = {isa = PBXFileReference; lastKnownFileType = sourcecode.swift; path = FriendRequestCard.swift; sourceTree = "<group>"; };
		3D60C9B9D1A9A908C95E6852 /* AchievementDetailSheet.swift */ = {isa = PBXFileReference; lastKnownFileType = sourcecode.swift; path = AchievementDetailSheet.swift; sourceTree = "<group>"; };
		4128710ABFA3560ADAB30574 /* QuestsViewModel.swift */ = {isa = PBXFileReference; lastKnownFileType = sourcecode.swift; path = QuestsViewModel.swift; sourceTree = "<group>"; };
		4405B03A566EC3D65DA19B00 /* XPCalculator.swift */ = {isa = PBXFileReference; lastKnownFileType = sourcecode.swift; path = XPCalculator.swift; sourceTree = "<group>"; };
		450195A9814F8AAE5DFCB41F /* JetBrainsMono-Regular.ttf */ = {isa = PBXFileReference; lastKnownFileType = file; path = "JetBrainsMono-Regular.ttf"; sourceTree = "<group>"; };
		47495C43CDDFAF66EC1C0D89 /* ForgotPasswordView.swift */ = {isa = PBXFileReference; lastKnownFileType = sourcecode.swift; path = ForgotPasswordView.swift; sourceTree = "<group>"; };
		4782AB3331CF5A6119847AF2 /* BodyweightEntry.swift */ = {isa = PBXFileReference; lastKnownFileType = sourcecode.swift; path = BodyweightEntry.swift; sourceTree = "<group>"; };
		4AF2D9A5212F46C78603591D /* GoalSetupView.swift */ = {isa = PBXFileReference; lastKnownFileType = sourcecode.swift; path = GoalSetupView.swift; sourceTree = "<group>"; };
		51AAF9C49F54E5A0DDD7F095 /* QuestsView.swift */ = {isa = PBXFileReference; lastKnownFileType = sourcecode.swift; path = QuestsView.swift; sourceTree = "<group>"; };
		53655A6FCF7E8651BC8F9F23 /* Rajdhani-Light.ttf */ = {isa = PBXFileReference; lastKnownFileType = file; path = "Rajdhani-Light.ttf"; sourceTree = "<group>"; };
		62A88700AA0D0FD700EF199F /* LogViewModel.swift */ = {isa = PBXFileReference; lastKnownFileType = sourcecode.swift; path = LogViewModel.swift; sourceTree = "<group>"; };
		635C543AEB3AA9B0229DE584 /* Rajdhani-Bold.ttf */ = {isa = PBXFileReference; lastKnownFileType = file; path = "Rajdhani-Bold.ttf"; sourceTree = "<group>"; };
		68373213BB5CB33B69A8F37E /* LogView.swift */ = {isa = PBXFileReference; lastKnownFileType = sourcecode.swift; path = LogView.swift; sourceTree = "<group>"; };
		6D0BA5EF12A720AECF7A1CF6 /* Exercise.swift */ = {isa = PBXFileReference; lastKnownFileType = sourcecode.swift; path = Exercise.swift; sourceTree = "<group>"; };
		73EABAB81740F48B4949E1E4 /* APITypes.swift */ = {isa = PBXFileReference; lastKnownFileType = sourcecode.swift; path = APITypes.swift; sourceTree = "<group>"; };
		79D6F3EF62252EE76DC35FC0 /* Info.plist */ = {isa = PBXFileReference; lastKnownFileType = text.plist; path = Info.plist; sourceTree = "<group>"; };
		7E490406F225338152AB77DD /* JetBrainsMono-Bold.ttf */ = {isa = PBXFileReference; lastKnownFileType = file; path = "JetBrainsMono-Bold.ttf"; sourceTree = "<group>"; };
		7EA22B0F491CFB938C0E3E9F /* DungeonRewardSheet.swift */ = {isa = PBXFileReference; lastKnownFileType = sourcecode.swift; path = DungeonRewardSheet.swift; sourceTree = "<group>"; };
		8256903DF70674E4B428B2AF /* Rajdhani-Medium.ttf */ = {isa = PBXFileReference; lastKnownFileType = file; path = "Rajdhani-Medium.ttf"; sourceTree = "<group>"; };
		89C549636A7046A5CC140B85 /* QuestDetailSheet.swift */ = {isa = PBXFileReference; lastKnownFileType = sourcecode.swift; path = QuestDetailSheet.swift; sourceTree = "<group>"; };
		93180FC8B345CB004A5D390D /* Rajdhani-Regular.ttf */ = {isa = PBXFileReference; lastKnownFileType = file; path = "Rajdhani-Regular.ttf"; sourceTree = "<group>"; };
		9A947B12F7FAFC3687A4ED86 /* CooldownCard.swift */ = {isa = PBXFileReference; lastKnownFileType = sourcecode.swift; path = CooldownCard.swift; sourceTree = "<group>"; };
		9E30061C59B3212F1422340B /* DungeonsView.swift */ = {isa = PBXFileReference; lastKnownFileType = sourcecode.swift; path = DungeonsView.swift; sourceTree = "<group>"; };
		9EF4A80D3AD89CA1BC4434F2 /* HealthKitManager.swift */ = {isa = PBXFileReference; lastKnownFileType = sourcecode.swift; path = HealthKitManager.swift; sourceTree = "<group>"; };
		9F3A7D81E4F7B61A487F21DB /* Colors.swift */ = {isa = PBXFileReference; lastKnownFileType = sourcecode.swift; path = Colors.swift; sourceTree = "<group>"; };
		A312DCBAA53FBBCFF8727252 /* FriendProfileView.swift */ = {isa = PBXFileReference; lastKnownFileType = sourcecode.swift; path = FriendProfileView.swift; sourceTree = "<group>"; };
		A5883E1AC5182638DE97A19F /* ScreenshotProcessingViewModel.swift */ = {isa = PBXFileReference; lastKnownFileType = sourcecode.swift; path = ScreenshotProcessingViewModel.swift; sourceTree = "<group>"; };
		A7192790992313FDD5201B37 /* FitnessApp.swift */ = {isa = PBXFileReference; lastKnownFileType = sourcecode.swift; path = FitnessApp.swift; sourceTree = "<group>"; };
		A971480DB0D51347A4285BDF /* DailyQuestsCard.swift */ = {isa = PBXFileReference; lastKnownFileType = sourcecode.swift; path = DailyQuestsCard.swift; sourceTree = "<group>"; };
		A9B60FF81D2DC826DE66A125 /* FriendRequestsView.swift */ = {isa = PBXFileReference; lastKnownFileType = sourcecode.swift; path = FriendRequestsView.swift; sourceTree = "<group>"; };
		A9FBB50D8EDC8445125B9270 /* HistoryView.swift */ = {isa = PBXFileReference; lastKnownFileType = sourcecode.swift; path = HistoryView.swift; sourceTree = "<group>"; };
		ACE54964002442E7C8D25D14 /* MissionCard.swift */ = {isa = PBXFileReference; lastKnownFileType = sourcecode.swift; path = MissionCard.swift; sourceTree = "<group>"; };
		B52347D7796B45246CD491A4 /* Rajdhani-SemiBold.ttf */ = {isa = PBXFileReference; lastKnownFileType = file; path = "Rajdhani-SemiBold.ttf"; sourceTree = "<group>"; };
		B9622F7E459A288822E8C353 /* ProgressViewModel.swift */ = {isa = PBXFileReference; lastKnownFileType = sourcecode.swift; path = ProgressViewModel.swift; sourceTree = "<group>"; };
		BD1168F90C7EA3B9F66ADC03 /* ContentView.swift */ = {isa = PBXFileReference; lastKnownFileType = sourcecode.swift; path = ContentView.swift; sourceTree = "<group>"; };
		BEC002A279F1E0A4CFFB244A /* SupersetCard.swift */ = {isa = PBXFileReference; lastKnownFileType = sourcecode.swift; path = SupersetCard.swift; sourceTree = "<group>"; };
		BED1304102384B66EBFC6063 /* ScreenshotPickerView.swift */ = {isa = PBXFileReference; lastKnownFileType = sourcecode.swift; path = ScreenshotPickerView.swift; sourceTree = "<group>"; };
		BF4984BB26D18D05ABEFA7B5 /* ProfileViewModel.swift */ = {isa = PBXFileReference; lastKnownFileType = sourcecode.swift; path = ProfileViewModel.swift; sourceTree = "<group>"; };
		BFE7F6DB954159E6CB657F56 /* UsernameSetupSheet.swift */ = {isa = PBXFileReference; lastKnownFileType = sourcecode.swift; path = UsernameSetupSheet.swift; sourceTree = "<group>"; };
		C29BFFA99C53012296D98020 /* FriendsView.swift */ = {isa = PBXFileReference; lastKnownFileType = sourcecode.swift; path = FriendsView.swift; sourceTree = "<group>"; };
		C39F3A4A40C528C138FC2D0A /* DungeonSpawnOverlay.swift */ = {isa = PBXFileReference; lastKnownFileType = sourcecode.swift; path = DungeonSpawnOverlay.swift; sourceTree = "<group>"; };
		C5A97BBD2F0FF0461CBD9001 /* Inter-Variable.ttf */ = {isa = PBXFileReference; lastKnownFileType = file; path = "Inter-Variable.ttf"; sourceTree = "<group>"; };
		C68D331EA8FE8B1C6A105FE9 /* StatCard.swift */ = {isa = PBXFileReference; lastKnownFileType = sourcecode.swift; path = StatCard.swift; sourceTree = "<group>"; };
		C7126810EA67EBBBD241CA71 /* ImagePicker.swift */ = {isa = PBXFileReference; lastKnownFileType = sourcecode.swift; path = ImagePicker.swift; sourceTree = "<group>"; };
		C9F64535FBE31A54DBE47FFF /* RankBadgeView.swift */ = {isa = PBXFileReference; lastKnownFileType = sourcecode.swift; path = RankBadgeView.swift; sourceTree = "<group>"; };
		CC8A2F491AC9087E07B63540 /* FriendRowCard.swift */ = {isa = PBXFileReference; lastKnownFileType = sourcecode.swift; path = FriendRowCard.swift; sourceTree = "<group>"; };
		CE2A62A1E050193695378BF7 /* RecoveryDetailSheet.swift */ = {isa = PBXFileReference; lastKnownFileType = sourcecode.swift; path = RecoveryDetailSheet.swift; sourceTree = "<group>"; };
		CE623E85DBB322B59010A443 /* MissionDetailView.swift */ = {isa = PBXFileReference; lastKnownFileType = sourcecode.swift; path = MissionDetailView.swift; sourceTree = "<group>"; };
		D56976681220CBFB0C3BCDA6 /* JetBrainsMono-Medium.ttf */ = {isa = PBXFileReference; lastKnownFileType = file; path = "JetBrainsMono-Medium.ttf"; sourceTree = "<group>"; };
		D5D6F00D821F65A269678B30 /* FitnessAppTests.xctest */ = {isa = PBXFileReference; includeInIndex = 0; lastKnownFileType = wrapper.cfbundle; path = FitnessAppTests.xctest; sourceTree = BUILT_PRODUCTS_DIR; };
		DB0EDBCC1A132F7B5B8386E7 /* EdgeFlowStyles.swift */ = {isa = PBXFileReference; lastKnownFileType = sourcecode.swift; path = EdgeFlowStyles.swift; sourceTree = "<group>"; };
		DB83BF408BFC9A75EE16A3DD /* Assets.xcassets */ = {isa = PBXFileReference; lastKnownFileType = folder.assetcatalog; path = Assets.xcassets; sourceTree = "<group>"; };
		E88205E68737513004C712AE /* DungeonDetailSheet.swift */ = {isa = PBXFileReference; lastKnownFileType = sourcecode.swift; path = DungeonDetailSheet.swift; sourceTree = "<group>"; };
		EB776AC6E5732ADD25171C9B /* SwipeBackGesture.swift */ = {isa = PBXFileReference; lastKnownFileType = sourcecode.swift; path = SwipeBackGesture.swift; sourceTree = "<group>"; };
		EEC744D52A256B0D73D5FF14 /* DungeonCardView.swift */ = {isa = PBXFileReference; lastKnownFileType = sourcecode.swift; path = DungeonCardView.swift; sourceTree = "<group>"; };
		EED34A2D176E81C9F5DFCEED /* VoidBackground.swift */ = {isa = PBXFileReference; lastKnownFileType = sourcecode.swift; path = VoidBackground.swift; sourceTree = "<group>"; };
		F0A0F9BC78395829B3FD6E72 /* FitnessAppTests.swift */ = {isa = PBXFileReference; lastKnownFileType = sourcecode.swift; path = FitnessAppTests.swift; sourceTree = "<group>"; };
		F4C96A0FDFB19923AC061970 /* XPRewardView.swift */ = {isa = PBXFileReference; lastKnownFileType = sourcecode.swift; path = XPRewardView.swift; sourceTree = "<group>"; };
		F8802BF7E793DDEE5AF204F7 /* PersonalRecord.swift */ = {isa = PBXFileReference; lastKnownFileType = sourcecode.swift; path = PersonalRecord.swift; sourceTree = "<group>"; };
		FDB048EAA3D732A16D8F1C87 /* ScreenshotPreviewView.swift */ = {isa = PBXFileReference; lastKnownFileType = sourcecode.swift; path = ScreenshotPreviewView.swift; sourceTree = "<group>"; };
/* End PBXFileReference section */

/* Begin PBXGroup section */
		058A7B27A59DC1DEDC92EAA3 /* Profile */ = {
			isa = PBXGroup;
			children = (
				3D60C9B9D1A9A908C95E6852 /* AchievementDetailSheet.swift */,
				05F458060FE9123EB707196B /* AchievementsListView.swift */,
				2B00CB613804C42690DBF6B0 /* ProfileView.swift */,
				BF4984BB26D18D05ABEFA7B5 /* ProfileViewModel.swift */,
				BFE7F6DB954159E6CB657F56 /* UsernameSetupSheet.swift */,
			);
			path = Profile;
			sourceTree = "<group>";
		};
		0E5A27E6C25F556F16052F22 /* Components */ = {
			isa = PBXGroup;
			children = (
				9A947B12F7FAFC3687A4ED86 /* CooldownCard.swift */,
				A971480DB0D51347A4285BDF /* DailyQuestsCard.swift */,
				DB0EDBCC1A132F7B5B8386E7 /* EdgeFlowStyles.swift */,
				C7126810EA67EBBBD241CA71 /* ImagePicker.swift */,
				ACE54964002442E7C8D25D14 /* MissionCard.swift */,
				2A29BC50370EA3B75A5F1968 /* PRCelebrationView.swift */,
				89C549636A7046A5CC140B85 /* QuestDetailSheet.swift */,
				C9F64535FBE31A54DBE47FFF /* RankBadgeView.swift */,
				0EE3DE6119CAF129687F65FF /* RankUpCelebrationView.swift */,
				C68D331EA8FE8B1C6A105FE9 /* StatCard.swift */,
				BEC002A279F1E0A4CFFB244A /* SupersetCard.swift */,
				EED34A2D176E81C9F5DFCEED /* VoidBackground.swift */,
				21C560832A36E3F4D5FF5735 /* XPBarView.swift */,
				F4C96A0FDFB19923AC061970 /* XPRewardView.swift */,
			);
			path = Components;
			sourceTree = "<group>";
		};
		397E2C8F6FEA3FF6F533D1BD /* Log */ = {
			isa = PBXGroup;
			children = (
				68373213BB5CB33B69A8F37E /* LogView.swift */,
				62A88700AA0D0FD700EF199F /* LogViewModel.swift */,
				BED1304102384B66EBFC6063 /* ScreenshotPickerView.swift */,
				FDB048EAA3D732A16D8F1C87 /* ScreenshotPreviewView.swift */,
				A5883E1AC5182638DE97A19F /* ScreenshotProcessingViewModel.swift */,
				0C547F0EDFB1DA616CA28A09 /* SupersetPickerView.swift */,
			);
			path = Log;
			sourceTree = "<group>";
		};
		490024E70D95093AB1951E48 /* Views */ = {
			isa = PBXGroup;
			children = (
				F4C9CEB19565D99FE95C780B /* Auth */,
				9C61008B4959D3D2C78BB5B8 /* Coaching */,
				F4087CE46D8D1C6237443682 /* Dungeons */,
				4E96398B3F641B5EDCA6B418 /* Friends */,
				C8975322AB46BEB5ED7C9B54 /* History */,
				BFBC24330AADF179E3B622F9 /* Home */,
				397E2C8F6FEA3FF6F533D1BD /* Log */,
				058A7B27A59DC1DEDC92EAA3 /* Profile */,
				EB3E3142FB1F16CD070C5266 /* Progress */,
				9A578D1262321B94E9315A1A /* Quests */,
				BD1168F90C7EA3B9F66ADC03 /* ContentView.swift */,
			);
			path = Views;
			sourceTree = "<group>";
		};
		4E96398B3F641B5EDCA6B418 /* Friends */ = {
			isa = PBXGroup;
			children = (
				385C8910AF9C3E93350FA72B /* AddFriendSheet.swift */,
				A312DCBAA53FBBCFF8727252 /* FriendProfileView.swift */,
				3B12B72D900466D47835C287 /* FriendRequestCard.swift */,
				A9B60FF81D2DC826DE66A125 /* FriendRequestsView.swift */,
				CC8A2F491AC9087E07B63540 /* FriendRowCard.swift */,
				2CD275D550CB307D3BB55451 /* FriendsListView.swift */,
				C29BFFA99C53012296D98020 /* FriendsView.swift */,
				07EB6749EA7B0814EC2A2E6A /* FriendsViewModel.swift */,
			);
			path = Friends;
			sourceTree = "<group>";
		};
		4EB1FEC24D89A6EE38A943A1 /* FitnessAppTests */ = {
			isa = PBXGroup;
			children = (
				F0A0F9BC78395829B3FD6E72 /* FitnessAppTests.swift */,
			);
			path = FitnessAppTests;
			sourceTree = "<group>";
		};
		6F75FD3E7D0AE8467ABA84AF /* Fonts */ = {
			isa = PBXGroup;
			children = (
				C5A97BBD2F0FF0461CBD9001 /* Inter-Variable.ttf */,
				7E490406F225338152AB77DD /* JetBrainsMono-Bold.ttf */,
				D56976681220CBFB0C3BCDA6 /* JetBrainsMono-Medium.ttf */,
				450195A9814F8AAE5DFCB41F /* JetBrainsMono-Regular.ttf */,
				235A7ACBA7F3D11FE067068C /* JetBrainsMono-SemiBold.ttf */,
				0FCA59D77C62E3D316AC25A2 /* Orbitron-Variable.ttf */,
				635C543AEB3AA9B0229DE584 /* Rajdhani-Bold.ttf */,
				53655A6FCF7E8651BC8F9F23 /* Rajdhani-Light.ttf */,
				8256903DF70674E4B428B2AF /* Rajdhani-Medium.ttf */,
				93180FC8B345CB004A5D390D /* Rajdhani-Regular.ttf */,
				B52347D7796B45246CD491A4 /* Rajdhani-SemiBold.ttf */,
			);
			path = Fonts;
			sourceTree = "<group>";
		};
		7A0624A72FC1D3B78F736B44 /* FitnessApp */ = {
			isa = PBXGroup;
			children = (
				0E5A27E6C25F556F16052F22 /* Components */,
				B3C6C47C211B441287027A4E /* Models */,
				F70B9A29860EDC6AB6D01B6A /* Resources */,
				8FFC23862DFFC84371A26B18 /* Services */,
				A85E5A571407F5076C5F37BF /* Utils */,
				490024E70D95093AB1951E48 /* Views */,
				DB83BF408BFC9A75EE16A3DD /* Assets.xcassets */,
				0114621C271DB4344EA5C9D7 /* FitnessApp.entitlements */,
				A7192790992313FDD5201B37 /* FitnessApp.swift */,
				79D6F3EF62252EE76DC35FC0 /* Info.plist */,
			);
			path = FitnessApp;
			sourceTree = "<group>";
		};
		8B244A6616A39F805DD9FD39 = {
			isa = PBXGroup;
			children = (
				7A0624A72FC1D3B78F736B44 /* FitnessApp */,
				4EB1FEC24D89A6EE38A943A1 /* FitnessAppTests */,
				DAAEF3F1BC29998174902CD8 /* Products */,
			);
			sourceTree = "<group>";
		};
		8FFC23862DFFC84371A26B18 /* Services */ = {
			isa = PBXGroup;
			children = (
				1E86F962F47309074191381A /* APIClient.swift */,
				73EABAB81740F48B4949E1E4 /* APITypes.swift */,
				2C8BACBC256288400263DD74 /* AuthManager.swift */,
				9EF4A80D3AD89CA1BC4434F2 /* HealthKitManager.swift */,
			);
			path = Services;
			sourceTree = "<group>";
		};
		9A578D1262321B94E9315A1A /* Quests */ = {
			isa = PBXGroup;
			children = (
				51AAF9C49F54E5A0DDD7F095 /* QuestsView.swift */,
				4128710ABFA3560ADAB30574 /* QuestsViewModel.swift */,
			);
			path = Quests;
			sourceTree = "<group>";
		};
		9C61008B4959D3D2C78BB5B8 /* Coaching */ = {
			isa = PBXGroup;
			children = (
				4AF2D9A5212F46C78603591D /* GoalSetupView.swift */,
				CE623E85DBB322B59010A443 /* MissionDetailView.swift */,
			);
			path = Coaching;
			sourceTree = "<group>";
		};
		A85E5A571407F5076C5F37BF /* Utils */ = {
			isa = PBXGroup;
			children = (
				9F3A7D81E4F7B61A487F21DB /* Colors.swift */,
				30AB8A1A5C01773A5442AA89 /* Extensions.swift */,
				383EA1AD7F433E7FB9232B6C /* Fonts.swift */,
				EB776AC6E5732ADD25171C9B /* SwipeBackGesture.swift */,
				4405B03A566EC3D65DA19B00 /* XPCalculator.swift */,
			);
			path = Utils;
			sourceTree = "<group>";
		};
		B3C6C47C211B441287027A4E /* Models */ = {
			isa = PBXGroup;
			children = (
				4782AB3331CF5A6119847AF2 /* BodyweightEntry.swift */,
				6D0BA5EF12A720AECF7A1CF6 /* Exercise.swift */,
				F8802BF7E793DDEE5AF204F7 /* PersonalRecord.swift */,
				07FD53171492644B246B925C /* User.swift */,
				30B6448810F2D9AE2EB9E6E7 /* Workout.swift */,
			);
			path = Models;
			sourceTree = "<group>";
		};
		BFBC24330AADF179E3B622F9 /* Home */ = {
			isa = PBXGroup;
			children = (
				2CD71D3A5B474EA3E0269665 /* HomeView.swift */,
				08CCA5CC781543F5685156FC /* HomeViewModel.swift */,
				CE2A62A1E050193695378BF7 /* RecoveryDetailSheet.swift */,
				386B58A648DA7731B4C2FA83 /* RecoveryStatusSection.swift */,
			);
			path = Home;
			sourceTree = "<group>";
		};
		C8975322AB46BEB5ED7C9B54 /* History */ = {
			isa = PBXGroup;
			children = (
				A9FBB50D8EDC8445125B9270 /* HistoryView.swift */,
				2080B524FEF4485D9F132C30 /* HistoryViewModel.swift */,
			);
			path = History;
			sourceTree = "<group>";
		};
		DAAEF3F1BC29998174902CD8 /* Products */ = {
			isa = PBXGroup;
			children = (
				17E1E2C6490F31EE347BF51F /* FitnessApp.app */,
				D5D6F00D821F65A269678B30 /* FitnessAppTests.xctest */,
			);
			name = Products;
			sourceTree = "<group>";
		};
		EB3E3142FB1F16CD070C5266 /* Progress */ = {
			isa = PBXGroup;
			children = (
				B9622F7E459A288822E8C353 /* ProgressViewModel.swift */,
				0ED58B7E30BB84AE9A98C885 /* StatsView.swift */,
			);
			path = Progress;
			sourceTree = "<group>";
		};
		F4087CE46D8D1C6237443682 /* Dungeons */ = {
			isa = PBXGroup;
			children = (
				EEC744D52A256B0D73D5FF14 /* DungeonCardView.swift */,
				E88205E68737513004C712AE /* DungeonDetailSheet.swift */,
				7EA22B0F491CFB938C0E3E9F /* DungeonRewardSheet.swift */,
				C39F3A4A40C528C138FC2D0A /* DungeonSpawnOverlay.swift */,
				9E30061C59B3212F1422340B /* DungeonsView.swift */,
				38F5B7659899A4C8EB3D443E /* DungeonsViewModel.swift */,
			);
			path = Dungeons;
			sourceTree = "<group>";
		};
		F4C9CEB19565D99FE95C780B /* Auth */ = {
			isa = PBXGroup;
			children = (
				47495C43CDDFAF66EC1C0D89 /* ForgotPasswordView.swift */,
			);
			path = Auth;
			sourceTree = "<group>";
		};
		F70B9A29860EDC6AB6D01B6A /* Resources */ = {
			isa = PBXGroup;
			children = (
				6F75FD3E7D0AE8467ABA84AF /* Fonts */,
			);
			path = Resources;
			sourceTree = "<group>";
		};
/* End PBXGroup section */

/* Begin PBXNativeTarget section */
		1CBB9DDB957EFD462BD67763 /* FitnessAppTests */ = {
			isa = PBXNativeTarget;
			buildConfigurationList = 1C8C56319D7496E5AFA187F1 /* Build configuration list for PBXNativeTarget "FitnessAppTests" */;
			buildPhases = (
				BAC119BCD94FABB8D826B771 /* Sources */,
			);
			buildRules = (
			);
			dependencies = (
				616A9EEFCE47007F81EAE676 /* PBXTargetDependency */,
			);
			name = FitnessAppTests;
			packageProductDependencies = (
			);
			productName = FitnessAppTests;
			productReference = D5D6F00D821F65A269678B30 /* FitnessAppTests.xctest */;
			productType = "com.apple.product-type.bundle.unit-test";
		};
		FE69BCF7CC847DB50ABAF203 /* FitnessApp */ = {
			isa = PBXNativeTarget;
			buildConfigurationList = A6C0FB58A13985AC78DD940F /* Build configuration list for PBXNativeTarget "FitnessApp" */;
			buildPhases = (
				D12520A21395F1CB239C40C5 /* Sources */,
				3C604A3F01F9481E5470616F /* Resources */,
			);
			buildRules = (
			);
			dependencies = (
			);
			name = FitnessApp;
			packageProductDependencies = (
			);
			productName = FitnessApp;
			productReference = 17E1E2C6490F31EE347BF51F /* FitnessApp.app */;
			productType = "com.apple.product-type.application";
		};
/* End PBXNativeTarget section */

/* Begin PBXProject section */
		D68BB5C60B9AF34F69B4BC6E /* Project object */ = {
			isa = PBXProject;
			attributes = {
				BuildIndependentTargetsInParallel = YES;
				LastUpgradeCheck = 1500;
				TargetAttributes = {
					1CBB9DDB957EFD462BD67763 = {
						DevelopmentTeam = D69T4MH7XQ;
						ProvisioningStyle = Automatic;
					};
					FE69BCF7CC847DB50ABAF203 = {
						DevelopmentTeam = D69T4MH7XQ;
						ProvisioningStyle = Automatic;
					};
				};
			};
			buildConfigurationList = 171263C53BFCBB0EFEB62ED1 /* Build configuration list for PBXProject "FitnessApp" */;
			compatibilityVersion = "Xcode 14.0";
			developmentRegion = en;
			hasScannedForEncodings = 0;
			knownRegions = (
				Base,
				en,
			);
			mainGroup = 8B244A6616A39F805DD9FD39;
			minimizedProjectReferenceProxies = 1;
			preferredProjectObjectVersion = 77;
			projectDirPath = "";
			projectRoot = "";
			targets = (
				FE69BCF7CC847DB50ABAF203 /* FitnessApp */,
				1CBB9DDB957EFD462BD67763 /* FitnessAppTests */,
			);
		};
/* End PBXProject section */

/* Begin PBXResourcesBuildPhase section */
		3C604A3F01F9481E5470616F /* Resources */ = {
			isa = PBXResourcesBuildPhase;
			buildActionMask = 2147483647;
			files = (
				D68FCD8F3B6A23E4F509613A /* Assets.xcassets in Resources */,
				D25039AC80123A252F608D2D /* Inter-Variable.ttf in Resources */,
				48113D49713CF47249D00B90 /* JetBrainsMono-Bold.ttf in Resources */,
				2943518C9A7FAF40CC41308F /* JetBrainsMono-Medium.ttf in Resources */,
				F18DBC98943A7BAF48CA853E /* JetBrainsMono-Regular.ttf in Resources */,
				6ECD7139978CC19F87F2A213 /* JetBrainsMono-SemiBold.ttf in Resources */,
				3A555F185433DA7D15E50DAD /* Orbitron-Variable.ttf in Resources */,
				DCB303E3963C669D78283DF2 /* Rajdhani-Bold.ttf in Resources */,
				FA35DDC733A09F2896DE3024 /* Rajdhani-Light.ttf in Resources */,
				A841D39093B698697BE9DE32 /* Rajdhani-Medium.ttf in Resources */,
				A5B39FB45B262E2854E6A080 /* Rajdhani-Regular.ttf in Resources */,
				9395F9F7ED69CF87325B9E27 /* Rajdhani-SemiBold.ttf in Resources */,
			);
			runOnlyForDeploymentPostprocessing = 0;
		};
/* End PBXResourcesBuildPhase section */

/* Begin PBXSourcesBuildPhase section */
		BAC119BCD94FABB8D826B771 /* Sources */ = {
			isa = PBXSourcesBuildPhase;
			buildActionMask = 2147483647;
			files = (
				76FE00186583DC113F0998FE /* FitnessAppTests.swift in Sources */,
			);
			runOnlyForDeploymentPostprocessing = 0;
		};
		D12520A21395F1CB239C40C5 /* Sources */ = {
			isa = PBXSourcesBuildPhase;
			buildActionMask = 2147483647;
			files = (
				D505BF0C1E363D977EF5801A /* APIClient.swift in Sources */,
				34E3C5D5D33B3AEAE8192225 /* APITypes.swift in Sources */,
				4243BB754ED9750C15429B09 /* AchievementDetailSheet.swift in Sources */,
				B5E2629AEE3CA34101DB3E84 /* AchievementsListView.swift in Sources */,
				A873FF2CA0203D03443195AC /* AddFriendSheet.swift in Sources */,
				2DC77293AFBCC85EAC069B7B /* AuthManager.swift in Sources */,
				84A70DCA96C94345EF14E741 /* BodyweightEntry.swift in Sources */,
				85E55E53839823091153F327 /* Colors.swift in Sources */,
				6383F52D2B2EDDB00366CDEC /* ContentView.swift in Sources */,
				E78B5ED400336A0597014E6D /* CooldownCard.swift in Sources */,
				931B3F4D629AFEE4345D7E5B /* DailyQuestsCard.swift in Sources */,
				A7D9F4EC79B40D9543A37396 /* DungeonCardView.swift in Sources */,
				A2BF1E8C9BF3406C16312BAF /* DungeonDetailSheet.swift in Sources */,
				459EBB59AA5F9BFD35819BA5 /* DungeonRewardSheet.swift in Sources */,
				1F532B40ED407972379FEE02 /* DungeonSpawnOverlay.swift in Sources */,
				88973C4E3134376147898266 /* DungeonsView.swift in Sources */,
				88DD32D0DFEE883EBE5AB099 /* DungeonsViewModel.swift in Sources */,
				DCC041843FFDACBD6ACCE722 /* EdgeFlowStyles.swift in Sources */,
				2D5485AA0052928F9070FCF0 /* Exercise.swift in Sources */,
				89134716A036BC7417B1CCD3 /* Extensions.swift in Sources */,
				C74790B0B116896A339C6481 /* FitnessApp.swift in Sources */,
				3304D607C43F982D311C87C8 /* Fonts.swift in Sources */,
				37D65595AB26EE23DF8E59C3 /* ForgotPasswordView.swift in Sources */,
				F767BBE7967D6014248BBFDE /* FriendProfileView.swift in Sources */,
				707E7061D2A90519FF68FDAC /* FriendRequestCard.swift in Sources */,
				0277FE338DF55883992428F5 /* FriendRequestsView.swift in Sources */,
				5676B5494CB708F2A9CFA399 /* FriendRowCard.swift in Sources */,
				817CD282F29492D7E8F4AC84 /* FriendsListView.swift in Sources */,
				3AC048A5649880119E187296 /* FriendsView.swift in Sources */,
				9C607E3BE0A2C455F49E9E0D /* FriendsViewModel.swift in Sources */,
				B809C23FE60B170A45283EC6 /* GoalSetupView.swift in Sources */,
				B26810B18ABFA530CF1FA835 /* HealthKitManager.swift in Sources */,
				9A0951CB5C36BA31CB4D2084 /* HistoryView.swift in Sources */,
				F5CDC904F67051AC1B681858 /* HistoryViewModel.swift in Sources */,
				37C277D7FC126549A9FDDCE5 /* HomeView.swift in Sources */,
				19BEF26C39177C374BE4D396 /* HomeViewModel.swift in Sources */,
				A51CF032536CBB2495847C34 /* ImagePicker.swift in Sources */,
				CD752F70C89E9DE3FBC74FC4 /* LogView.swift in Sources */,
				01B20D78A6832D2DE5301BAD /* LogViewModel.swift in Sources */,
				51B44446B1720DFD9BF1EEAE /* MissionCard.swift in Sources */,
				86C2E56AAEEC1FA2BDF123F4 /* MissionDetailView.swift in Sources */,
				B0752A9EA3FE7F975305D208 /* PRCelebrationView.swift in Sources */,
				7F6C3F85FD8A35AE44727A0C /* PersonalRecord.swift in Sources */,
				6CD1E6CE02F492B300256D51 /* ProfileView.swift in Sources */,
				8714FA87386C4B44FEF75DF2 /* ProfileViewModel.swift in Sources */,
				8C36406D3B4272678C3FAE7E /* ProgressViewModel.swift in Sources */,
				5476D15C26CCBE18B07448AA /* QuestDetailSheet.swift in Sources */,
				8CFFE6C90310AADAA44449D5 /* QuestsView.swift in Sources */,
				077A12A6D80055A6EAC3D126 /* QuestsViewModel.swift in Sources */,
				82A75718FCA9F00ED57AB446 /* RankBadgeView.swift in Sources */,
				BBC0E7DB598EB22BA3C58C40 /* RankUpCelebrationView.swift in Sources */,
				A7424AA87C880CB28E7A0CB9 /* RecoveryDetailSheet.swift in Sources */,
				B9AFAA1D369343F733813253 /* RecoveryStatusSection.swift in Sources */,
				F286067EDCBE1B25D7055849 /* ScreenshotPickerView.swift in Sources */,
				4DE2F4CEF8CDDCED4C17A591 /* ScreenshotPreviewView.swift in Sources */,
				AA1968CFD12652D717FF76B6 /* ScreenshotProcessingViewModel.swift in Sources */,
				F3928D582CFFD13A67454E60 /* StatCard.swift in Sources */,
				05CC6AEBFD7BF822803F46FD /* StatsView.swift in Sources */,
				C7DEB4654551E73010919AF3 /* SupersetCard.swift in Sources */,
				D88FB846E88AE9441286F854 /* SupersetPickerView.swift in Sources */,
				35B56EBCA29E2E4DE83A63A8 /* SwipeBackGesture.swift in Sources */,
				6FAE6B891124D5E183037AB0 /* User.swift in Sources */,
				82DFE04B35A85EE155692D70 /* UsernameSetupSheet.swift in Sources */,
				2CB4AD01F621551C9C16B843 /* VoidBackground.swift in Sources */,
				128C3BEF27F1FADEE9533255 /* Workout.swift in Sources */,
				E5F8C1E4DE3FEAD7EE283672 /* XPBarView.swift in Sources */,
				DDB186D30D008EBB548C39BB /* XPCalculator.swift in Sources */,
				4EF008506C359122170F5270 /* XPRewardView.swift in Sources */,
			);
			runOnlyForDeploymentPostprocessing = 0;
		};
/* End PBXSourcesBuildPhase section */

/* Begin PBXTargetDependency section */
		616A9EEFCE47007F81EAE676 /* PBXTargetDependency */ = {
			isa = PBXTargetDependency;
			target = FE69BCF7CC847DB50ABAF203 /* FitnessApp */;
			targetProxy = AF1CBD93E5819C67CF0F63B7 /* PBXContainerItemProxy */;
		};
/* End PBXTargetDependency section */

/* Begin XCBuildConfiguration section */
		030B9FFD446B7C9E5FEC2AB7 /* Release */ = {
			isa = XCBuildConfiguration;
			buildSettings = {
				ASSETCATALOG_COMPILER_APPICON_NAME = AppIcon;
				CODE_SIGN_ENTITLEMENTS = FitnessApp/FitnessApp.entitlements;
				CODE_SIGN_IDENTITY = "iPhone Developer";
				INFOPLIST_FILE = FitnessApp/Info.plist;
				INFOPLIST_KEY_CFBundleDisplayName = "Fitness Tracker";
				LD_RUNPATH_SEARCH_PATHS = (
					"$(inherited)",
					"@executable_path/Frameworks",
				);
				PRODUCT_BUNDLE_IDENTIFIER = com.nickchua.fitnessapp;
				PRODUCT_NAME = FitnessApp;
				SDKROOT = iphoneos;
				SUPPORTS_MACCATALYST = NO;
				SUPPORTS_MAC_DESIGNED_FOR_IPHONE_IPAD = NO;
				TARGETED_DEVICE_FAMILY = "1,2";
			};
			name = Release;
		};
		121D020D90DD7C0F0AC67B45 /* Release */ = {
			isa = XCBuildConfiguration;
			buildSettings = {
				BUNDLE_LOADER = "$(TEST_HOST)";
				LD_RUNPATH_SEARCH_PATHS = (
					"$(inherited)",
					"@executable_path/Frameworks",
					"@loader_path/Frameworks",
				);
				PRODUCT_BUNDLE_IDENTIFIER = com.fitnessapp.FitnessAppTests;
				SDKROOT = iphoneos;
				TARGETED_DEVICE_FAMILY = "1,2";
				TEST_HOST = "$(BUILT_PRODUCTS_DIR)/FitnessApp.app/$(BUNDLE_EXECUTABLE_FOLDER_PATH)/FitnessApp";
			};
			name = Release;
		};
		19FB2C7224F1E15AD1AD50A5 /* Debug */ = {
			isa = XCBuildConfiguration;
			buildSettings = {
				ASSETCATALOG_COMPILER_APPICON_NAME = AppIcon;
				CODE_SIGN_ENTITLEMENTS = FitnessApp/FitnessApp.entitlements;
				CODE_SIGN_IDENTITY = "iPhone Developer";
				INFOPLIST_FILE = FitnessApp/Info.plist;
				INFOPLIST_KEY_CFBundleDisplayName = "Fitness Tracker";
				LD_RUNPATH_SEARCH_PATHS = (
					"$(inherited)",
					"@executable_path/Frameworks",
				);
				PRODUCT_BUNDLE_IDENTIFIER = com.nickchua.fitnessapp;
				PRODUCT_NAME = FitnessApp;
				SDKROOT = iphoneos;
				SUPPORTS_MACCATALYST = NO;
				SUPPORTS_MAC_DESIGNED_FOR_IPHONE_IPAD = NO;
				TARGETED_DEVICE_FAMILY = "1,2";
			};
			name = Debug;
		};
		4E47923EFD9028B1D251DE30 /* Debug */ = {
			isa = XCBuildConfiguration;
			buildSettings = {
				ALWAYS_SEARCH_USER_PATHS = NO;
				ASSETCATALOG_COMPILER_APPICON_NAME = AppIcon;
				ASSETCATALOG_COMPILER_GLOBAL_ACCENT_COLOR_NAME = AccentColor;
				CLANG_ANALYZER_NONNULL = YES;
				CLANG_ANALYZER_NUMBER_OBJECT_CONVERSION = YES_AGGRESSIVE;
				CLANG_CXX_LANGUAGE_STANDARD = "gnu++14";
				CLANG_CXX_LIBRARY = "libc++";
				CLANG_ENABLE_MODULES = YES;
				CLANG_ENABLE_OBJC_ARC = YES;
				CLANG_ENABLE_OBJC_WEAK = YES;
				CLANG_WARN_BLOCK_CAPTURE_AUTORELEASING = YES;
				CLANG_WARN_BOOL_CONVERSION = YES;
				CLANG_WARN_COMMA = YES;
				CLANG_WARN_CONSTANT_CONVERSION = YES;
				CLANG_WARN_DEPRECATED_OBJC_IMPLEMENTATIONS = YES;
				CLANG_WARN_DIRECT_OBJC_ISA_USAGE = YES_ERROR;
				CLANG_WARN_DOCUMENTATION_COMMENTS = YES;
				CLANG_WARN_EMPTY_BODY = YES;
				CLANG_WARN_ENUM_CONVERSION = YES;
				CLANG_WARN_INFINITE_RECURSION = YES;
				CLANG_WARN_INT_CONVERSION = YES;
				CLANG_WARN_NON_LITERAL_NULL_CONVERSION = YES;
				CLANG_WARN_OBJC_IMPLICIT_RETAIN_SELF = YES;
				CLANG_WARN_OBJC_LITERAL_CONVERSION = YES;
				CLANG_WARN_OBJC_ROOT_CLASS = YES_ERROR;
				CLANG_WARN_QUOTED_INCLUDE_IN_FRAMEWORK_HEADER = YES;
				CLANG_WARN_RANGE_LOOP_ANALYSIS = YES;
				CLANG_WARN_STRICT_PROTOTYPES = YES;
				CLANG_WARN_SUSPICIOUS_MOVE = YES;
				CLANG_WARN_UNGUARDED_AVAILABILITY = YES_AGGRESSIVE;
				CLANG_WARN_UNREACHABLE_CODE = YES;
				CLANG_WARN__DUPLICATE_METHOD_MATCH = YES;
				CODE_SIGN_STYLE = Automatic;
				COPY_PHASE_STRIP = NO;
				DEBUG_INFORMATION_FORMAT = dwarf;
				DEVELOPMENT_TEAM = D69T4MH7XQ;
				ENABLE_PREVIEWS = YES;
				ENABLE_STRICT_OBJC_MSGSEND = YES;
				ENABLE_TESTABILITY = YES;
				GCC_C_LANGUAGE_STANDARD = gnu11;
				GCC_DYNAMIC_NO_PIC = NO;
				GCC_NO_COMMON_BLOCKS = YES;
				GCC_OPTIMIZATION_LEVEL = 0;
				GCC_PREPROCESSOR_DEFINITIONS = (
					"$(inherited)",
					"DEBUG=1",
				);
				GCC_WARN_64_TO_32_BIT_CONVERSION = YES;
				GCC_WARN_ABOUT_RETURN_TYPE = YES_ERROR;
				GCC_WARN_UNDECLARED_SELECTOR = YES;
				GCC_WARN_UNINITIALIZED_AUTOS = YES_AGGRESSIVE;
				GCC_WARN_UNUSED_FUNCTION = YES;
				GCC_WARN_UNUSED_VARIABLE = YES;
				INFOPLIST_KEY_UIApplicationSceneManifest_Generation = YES;
				INFOPLIST_KEY_UIApplicationSupportsIndirectInputEvents = YES;
				INFOPLIST_KEY_UILaunchScreen_Generation = YES;
				INFOPLIST_KEY_UIRequiresFullScreen = YES;
				INFOPLIST_KEY_UISupportedInterfaceOrientations_iPad = "UIInterfaceOrientationPortrait UIInterfaceOrientationPortraitUpsideDown UIInterfaceOrientationLandscapeLeft UIInterfaceOrientationLandscapeRight";
				INFOPLIST_KEY_UISupportedInterfaceOrientations_iPhone = UIInterfaceOrientationPortrait;
				IPHONEOS_DEPLOYMENT_TARGET = 17.0;
				MTL_ENABLE_DEBUG_INFO = INCLUDE_SOURCE;
				MTL_FAST_MATH = YES;
				ONLY_ACTIVE_ARCH = YES;
				PRODUCT_NAME = "$(TARGET_NAME)";
				SDKROOT = iphoneos;
				SWIFT_ACTIVE_COMPILATION_CONDITIONS = DEBUG;
				SWIFT_OPTIMIZATION_LEVEL = "-Onone";
				SWIFT_VERSION = 5.9;
			};
			name = Debug;
		};
		D71C3E32FF930D8733FA4A06 /* Debug */ = {
			isa = XCBuildConfiguration;
			buildSettings = {
				BUNDLE_LOADER = "$(TEST_HOST)";
				LD_RUNPATH_SEARCH_PATHS = (
					"$(inherited)",
					"@executable_path/Frameworks",
					"@loader_path/Frameworks",
				);
				PRODUCT_BUNDLE_IDENTIFIER = com.fitnessapp.FitnessAppTests;
				SDKROOT = iphoneos;
				TARGETED_DEVICE_FAMILY = "1,2";
				TEST_HOST = "$(BUILT_PRODUCTS_DIR)/FitnessApp.app/$(BUNDLE_EXECUTABLE_FOLDER_PATH)/FitnessApp";
			};
			name = Debug;
		};
		E1B24E2A2C8644023BA967E7 /* Release */ = {
			isa = XCBuildConfiguration;
			buildSettings = {
				ALWAYS_SEARCH_USER_PATHS = NO;
				ASSETCATALOG_COMPILER_APPICON_NAME = AppIcon;
				ASSETCATALOG_COMPILER_GLOBAL_ACCENT_COLOR_NAME = AccentColor;
				CLANG_ANALYZER_NONNULL = YES;
				CLANG_ANALYZER_NUMBER_OBJECT_CONVERSION = YES_AGGRESSIVE;
				CLANG_CXX_LANGUAGE_STANDARD = "gnu++14";
				CLANG_CXX_LIBRARY = "libc++";
				CLANG_ENABLE_MODULES = YES;
				CLANG_ENABLE_OBJC_ARC = YES;
				CLANG_ENABLE_OBJC_WEAK = YES;
				CLANG_WARN_BLOCK_CAPTURE_AUTORELEASING = YES;
				CLANG_WARN_BOOL_CONVERSION = YES;
				CLANG_WARN_COMMA = YES;
				CLANG_WARN_CONSTANT_CONVERSION = YES;
				CLANG_WARN_DEPRECATED_OBJC_IMPLEMENTATIONS = YES;
				CLANG_WARN_DIRECT_OBJC_ISA_USAGE = YES_ERROR;
				CLANG_WARN_DOCUMENTATION_COMMENTS = YES;
				CLANG_WARN_EMPTY_BODY = YES;
				CLANG_WARN_ENUM_CONVERSION = YES;
				CLANG_WARN_INFINITE_RECURSION = YES;
				CLANG_WARN_INT_CONVERSION = YES;
				CLANG_WARN_NON_LITERAL_NULL_CONVERSION = YES;
				CLANG_WARN_OBJC_IMPLICIT_RETAIN_SELF = YES;
				CLANG_WARN_OBJC_LITERAL_CONVERSION = YES;
				CLANG_WARN_OBJC_ROOT_CLASS = YES_ERROR;
				CLANG_WARN_QUOTED_INCLUDE_IN_FRAMEWORK_HEADER = YES;
				CLANG_WARN_RANGE_LOOP_ANALYSIS = YES;
				CLANG_WARN_STRICT_PROTOTYPES = YES;
				CLANG_WARN_SUSPICIOUS_MOVE = YES;
				CLANG_WARN_UNGUARDED_AVAILABILITY = YES_AGGRESSIVE;
				CLANG_WARN_UNREACHABLE_CODE = YES;
				CLANG_WARN__DUPLICATE_METHOD_MATCH = YES;
				CODE_SIGN_STYLE = Automatic;
				COPY_PHASE_STRIP = NO;
				DEBUG_INFORMATION_FORMAT = "dwarf-with-dsym";
				DEVELOPMENT_TEAM = D69T4MH7XQ;
				ENABLE_NS_ASSERTIONS = NO;
				ENABLE_PREVIEWS = YES;
				ENABLE_STRICT_OBJC_MSGSEND = YES;
				GCC_C_LANGUAGE_STANDARD = gnu11;
				GCC_NO_COMMON_BLOCKS = YES;
				GCC_WARN_64_TO_32_BIT_CONVERSION = YES;
				GCC_WARN_ABOUT_RETURN_TYPE = YES_ERROR;
				GCC_WARN_UNDECLARED_SELECTOR = YES;
				GCC_WARN_UNINITIALIZED_AUTOS = YES_AGGRESSIVE;
				GCC_WARN_UNUSED_FUNCTION = YES;
				GCC_WARN_UNUSED_VARIABLE = YES;
				INFOPLIST_KEY_UIApplicationSceneManifest_Generation = YES;
				INFOPLIST_KEY_UIApplicationSupportsIndirectInputEvents = YES;
				INFOPLIST_KEY_UILaunchScreen_Generation = YES;
				INFOPLIST_KEY_UIRequiresFullScreen = YES;
				INFOPLIST_KEY_UISupportedInterfaceOrientations_iPad = "UIInterfaceOrientationPortrait UIInterfaceOrientationPortraitUpsideDown UIInterfaceOrientationLandscapeLeft UIInterfaceOrientationLandscapeRight";
				INFOPLIST_KEY_UISupportedInterfaceOrientations_iPhone = UIInterfaceOrientationPortrait;
				IPHONEOS_DEPLOYMENT_TARGET = 17.0;
				MTL_ENABLE_DEBUG_INFO = NO;
				MTL_FAST_MATH = YES;
				PRODUCT_NAME = "$(TARGET_NAME)";
				SDKROOT = iphoneos;
				SWIFT_COMPILATION_MODE = wholemodule;
				SWIFT_OPTIMIZATION_LEVEL = "-O";
				SWIFT_VERSION = 5.9;
			};
			name = Release;
		};
/* End XCBuildConfiguration section */

/* Begin XCConfigurationList section */
		171263C53BFCBB0EFEB62ED1 /* Build configuration list for PBXProject "FitnessApp" */ = {
			isa = XCConfigurationList;
			buildConfigurations = (
				4E47923EFD9028B1D251DE30 /* Debug */,
				E1B24E2A2C8644023BA967E7 /* Release */,
			);
			defaultConfigurationIsVisible = 0;
			defaultConfigurationName = Debug;
		};
		1C8C56319D7496E5AFA187F1 /* Build configuration list for PBXNativeTarget "FitnessAppTests" */ = {
			isa = XCConfigurationList;
			buildConfigurations = (
				D71C3E32FF930D8733FA4A06 /* Debug */,
				121D020D90DD7C0F0AC67B45 /* Release */,
			);
			defaultConfigurationIsVisible = 0;
			defaultConfigurationName = Debug;
		};
		A6C0FB58A13985AC78DD940F /* Build configuration list for PBXNativeTarget "FitnessApp" */ = {
			isa = XCConfigurationList;
			buildConfigurations = (
				19FB2C7224F1E15AD1AD50A5 /* Debug */,
				030B9FFD446B7C9E5FEC2AB7 /* Release */,
			);
			defaultConfigurationIsVisible = 0;
			defaultConfigurationName = Debug;
		};
/* End XCConfigurationList section */
	};
	rootObject = D68BB5C60B9AF34F69B4BC6E /* Project object */;
}
